
Microsoft Visual Studio Solution File, Format Version 12.00
# Visual Studio Version 17
VisualStudioVersion = 17.3.32901.215
MinimumVisualStudioVersion = 10.0.40219.1
Project("{FAE04EC0-301F-11D3-BF4B-00C04F79EFBC}") = "CookiesAuthApp.DAL", "CookiesAuthApp.DAL\CookiesAuthApp.DAL.csproj", "{26877EB8-1603-49FA-AE7E-8575F27451DD}"
EndProject
Project("{FAE04EC0-301F-11D3-BF4B-00C04F79EFBC}") = "CookiesAuthApp.BAL", "CookiesAuthApp.BAL\CookiesAuthApp.BAL.csproj", "{727506B4-E1BB-4A48-9C99-0468316E32FB}"
EndProject
Project("{FAE04EC0-301F-11D3-BF4B-00C04F79EFBC}") = "CookiesAuthApp.WEB", "CookiesAuthApp.WEB\CookiesAuthApp.WEB.csproj", "{D720CCE7-626E-4E1C-A584-1F0A45313DFF}"
EndProject
Global
	GlobalSection(SolutionConfigurationPlatforms) = preSolution
		Debug|Any CPU = Debug|Any CPU
		Release|Any CPU = Release|Any CPU
	EndGlobalSection
	GlobalSection(ProjectConfigurationPlatforms) = postSolution
		{26877EB8-1603-49FA-AE7E-8575F27451DD}.Debug|Any CPU.ActiveCfg = Debug|Any CPU
		{26877EB8-1603-49FA-AE7E-8575F27451DD}.Debug|Any CPU.Build.0 = Debug|Any CPU
		{26877EB8-1603-49FA-AE7E-8575F27451DD}.Release|Any CPU.ActiveCfg = Release|Any CPU
		{26877EB8-1603-49FA-AE7E-8575F27451DD}.Release|Any CPU.Build.0 = Release|Any CPU
		{727506B4-E1BB-4A48-9C99-0468316E32FB}.Debug|Any CPU.ActiveCfg = Debug|Any CPU
		{727506B4-E1BB-4A48-9C99-0468316E32FB}.Debug|Any CPU.Build.0 = Debug|Any CPU
		{727506B4-E1BB-4A48-9C99-0468316E32FB}.Release|Any CPU.ActiveCfg = Release|Any CPU
		{727506B4-E1BB-4A48-9C99-0468316E32FB}.Release|Any CPU.Build.0 = Release|Any CPU
		{D720CCE7-626E-4E1C-A584-1F0A45313DFF}.Debug|Any CPU.ActiveCfg = Debug|Any CPU
		{D720CCE7-626E-4E1C-A584-1F0A45313DFF}.Debug|Any CPU.Build.0 = Debug|Any CPU
		{D720CCE7-626E-4E1C-A584-1F0A45313DFF}.Release|Any CPU.ActiveCfg = Release|Any CPU
		{D720CCE7-626E-4E1C-A584-1F0A45313DFF}.Release|Any CPU.Build.0 = Release|Any CPU
	EndGlobalSection
	GlobalSection(SolutionProperties) = preSolution
		HideSolutionNode = FALSE
	EndGlobalSection
	GlobalSection(ExtensibilityGlobals) = postSolution
		SolutionGuid = {0C32D74B-FAE6-4220-B17B-6B633CD0AEED}
	EndGlobalSection
EndGlobal
